{
  "object": {
    "pins": [
      {
        "package": "CCurl",
        "repositoryURL": "https://github.com/IBM-Swift/CCurl.git",
        "state": {
          "branch": null,
          "revision": "2a431e3a5fb8d004aa7d4d1bebb5d511f568c43e",
          "version": "1.0.0"
        }
      },
      {
        "package": "CEpoll",
        "repositoryURL": "https://github.com/IBM-Swift/CEpoll.git",
        "state": {
          "branch": null,
          "revision": "7b65f0adfe5a1f36fc16b16760f5f99cfd3a4e1a",
          "version": "0.1.1"
        }
      },
      {
        "package": "Kitura",
        "repositoryURL": "https://github.com/IBM-Swift/Kitura",
        "state": {
          "branch": null,
          "revision": "3d42897fa83537b97592512a7a85af61e9ce53ea",
          "version": "2.2.0"
        }
      },
      {
        "package": "Kitura-net",
        "repositoryURL": "https://github.com/IBM-Swift/Kitura-net.git",
        "state": {
          "branch": null,
          "revision": "9b4221e7378f76e0c5e04acaf30cdee99594aed3",
          "version": "2.0.4"
        }
      },
      {
        "package": "Kitura-TemplateEngine",
        "repositoryURL": "https://github.com/IBM-Swift/Kitura-TemplateEngine.git",
        "state": {
          "branch": null,
          "revision": "d432d61cd9dfb66bc9741fec44434bbbcad676cd",
          "version": "1.7.3"
        }
      },
      {
        "package": "KituraContracts",
        "repositoryURL": "https://github.com/IBM-Swift/KituraContracts.git",
        "state": {
          "branch": null,
          "revision": "8821f72962c369f4941bcd006437f966972ed53d",
          "version": "0.0.20"
        }
      },
      {
        "package": "LoggerAPI",
        "repositoryURL": "https://github.com/IBM-Swift/LoggerAPI.git",
        "state": {
          "branch": null,
          "revision": "ee0084cbb8bace59b3409cec05bedc5d2e97f8b7",
          "version": "1.7.2"
        }
      },
      {
        "package": "OpenSSL",
        "repositoryURL": "https://github.com/IBM-Swift/OpenSSL.git",
        "state": {
          "branch": null,
          "revision": "95c405c18a071a1c13616e984ba1b3c6091ca6ca",
          "version": "0.3.7"
        }
      },
      {
        "package": "RandomKit",
        "repositoryURL": "https://github.com/nvzqz/RandomKit.git",
        "state": {
          "branch": null,
          "revision": "06c51cbf8816a5f682aba03da353daf5640830ca",
          "version": "5.2.3"
        }
      },
      {
        "package": "Signals",
        "repositoryURL": "https://github.com/IBM-Swift/BlueSignals.git",
        "state": {
          "branch": null,
          "revision": "d00d066869deec7b42a2ac3bd93f8df6753cdd2d",
          "version": "0.9.52"
        }
      },
      {
        "package": "Socket",
        "repositoryURL": "https://github.com/IBM-Swift/BlueSocket.git",
        "state": {
          "branch": null,
          "revision": "26c8f4e4e3000421a0c97aaf0c7b5e9aa5475222",
          "version": "0.12.94"
        }
      },
      {
        "package": "SSLService",
        "repositoryURL": "https://github.com/IBM-Swift/BlueSSLService.git",
        "state": {
          "branch": null,
          "revision": "3a87b64a97fb8e923f52f2a68e31e7bd4fc46b42",
          "version": "0.12.84"
        }
      },
      {
        "package": "Threadly",
        "repositoryURL": "https://github.com/nvzqz/Threadly.git",
        "state": {
          "branch": null,
          "revision": "261c101fd0a8a42dc3e16fb303d3a79f6e06100f",
          "version": "1.2.0"
        }
      }
    ]
  },
  "version": 1
}
