{
  "object": {
    "pins": [
      {
        "package": "CCurl",
        "repositoryURL": "https://github.com/IBM-Swift/CCurl.git",
        "state": {
          "branch": null,
          "revision": "f481bd86e58787824cc1c1ec1786e03b67831f38",
          "version": "0.4.1"
        }
      },
      {
        "package": "CEpoll",
        "repositoryURL": "https://github.com/IBM-Swift/CEpoll.git",
        "state": {
          "branch": null,
          "revision": "7b65f0adfe5a1f36fc16b16760f5f99cfd3a4e1a",
          "version": "0.1.1"
        }
      },
      {
        "package": "Kitura",
        "repositoryURL": "https://github.com/IBM-Swift/Kitura",
        "state": {
          "branch": null,
          "revision": "57a46cc4a12b368208c0572eb6172cf3cb95991b",
          "version": "2.0.2"
        }
      },
      {
        "package": "Kitura-net",
        "repositoryURL": "https://github.com/IBM-Swift/Kitura-net.git",
        "state": {
          "branch": null,
          "revision": "96c196ef01533f199642e7d39cff51dd50c05faf",
          "version": "1.7.20"
        }
      },
      {
        "package": "Kitura-TemplateEngine",
        "repositoryURL": "https://github.com/IBM-Swift/Kitura-TemplateEngine.git",
        "state": {
          "branch": null,
          "revision": "8e75a213bf4dd7b5effd03848335e344535969aa",
          "version": "1.7.2"
        }
      },
      {
        "package": "KituraContracts",
        "repositoryURL": "https://github.com/IBM-Swift/KituraContracts.git",
        "state": {
          "branch": null,
          "revision": "385c5698b5c6ffb3416f810dd71c317be40076cc",
          "version": "0.0.15"
        }
      },
      {
        "package": "LoggerAPI",
        "repositoryURL": "https://github.com/IBM-Swift/LoggerAPI.git",
        "state": {
          "branch": null,
          "revision": "6b62fe66da9b8794d6581e5c341710eea3173cd4",
          "version": "1.7.1"
        }
      },
      {
        "package": "OpenSSL",
        "repositoryURL": "https://github.com/IBM-Swift/OpenSSL.git",
        "state": {
          "branch": null,
          "revision": "95c405c18a071a1c13616e984ba1b3c6091ca6ca",
          "version": "0.3.7"
        }
      },
      {
        "package": "Signals",
        "repositoryURL": "https://github.com/IBM-Swift/BlueSignals.git",
        "state": {
          "branch": null,
          "revision": "0fab5a9f166e96f17bb9646dc56cd22a6f3c3757",
          "version": "0.9.50"
        }
      },
      {
        "package": "Socket",
        "repositoryURL": "https://github.com/IBM-Swift/BlueSocket.git",
        "state": {
          "branch": null,
          "revision": "55ed6917d21f0293c51861555efb2860efbc877a",
          "version": "0.12.77"
        }
      },
      {
        "package": "SSLService",
        "repositoryURL": "https://github.com/IBM-Swift/BlueSSLService.git",
        "state": {
          "branch": null,
          "revision": "5b27756f16134906b3315fcb7467de191934b057",
          "version": "0.12.65"
        }
      }
    ]
  },
  "version": 1
}
